Microsoft Visual Studio Solution File, Format Version 12.00
# Visual Studio Version 17
VisualStudioVersion = 17.5.2.0
MinimumVisualStudioVersion = 10.0.40219.1
Project("{FAE04EC0-301F-11D3-BF4B-00C04F79EFBC}") = "WPR.UI", "WPR.UI\WPR.UI.csproj", "{F5F1102E-AADF-77C6-42D9-8ED6BB394577}"
EndProject
Project("{FAE04EC0-301F-11D3-BF4B-00C04F79EFBC}") = "WPR.UI.Desktop", "WPR.UI.Desktop\WPR.UI.Desktop.csproj", "{CF0C12EF-C5E3-9A59-410D-99258A969403}"
EndProject
Global
	GlobalSection(SolutionConfigurationPlatforms) = preSolution
		Debug|Any CPU = Debug|Any CPU
		Release|Any CPU = Release|Any CPU
	EndGlobalSection
	GlobalSection(ProjectConfigurationPlatforms) = postSolution
		{F5F1102E-AADF-77C6-42D9-8ED6BB394577}.Debug|Any CPU.ActiveCfg = Debug|Any CPU
		{F5F1102E-AADF-77C6-42D9-8ED6BB394577}.Debug|Any CPU.Build.0 = Debug|Any CPU
		{F5F1102E-AADF-77C6-42D9-8ED6BB394577}.Release|Any CPU.ActiveCfg = Release|Any CPU
		{F5F1102E-AADF-77C6-42D9-8ED6BB394577}.Release|Any CPU.Build.0 = Release|Any CPU
		{CF0C12EF-C5E3-9A59-410D-99258A969403}.Debug|Any CPU.ActiveCfg = Debug|Any CPU
		{CF0C12EF-C5E3-9A59-410D-99258A969403}.Debug|Any CPU.Build.0 = Debug|Any CPU
		{CF0C12EF-C5E3-9A59-410D-99258A969403}.Release|Any CPU.ActiveCfg = Release|Any CPU
		{CF0C12EF-C5E3-9A59-410D-99258A969403}.Release|Any CPU.Build.0 = Release|Any CPU
	EndGlobalSection
	GlobalSection(SolutionProperties) = preSolution
		HideSolutionNode = FALSE
	EndGlobalSection
	GlobalSection(ExtensibilityGlobals) = postSolution
		SolutionGuid = {7D4DCAD9-075B-4119-B1A9-664F351318CE}
	EndGlobalSection
EndGlobal
